
Microsoft Visual Studio Solution File, Format Version 12.00
# Visual Studio 15
Project("{FAE04EC0-301F-11D3-BF4B-00C04F79EFBC}") = "UnityUIExtensions", "UnityUIExtensions.csproj", "{9328873A-AF0B-9C33-F44D-DC3B412DCA69}"
EndProject
Project("{FAE04EC0-301F-11D3-BF4B-00C04F79EFBC}") = "Assembly-CSharp", "Assembly-CSharp.csproj", "{C1E738FB-C959-FB66-0AE7-E79BA77CB096}"
EndProject
Project("{FAE04EC0-301F-11D3-BF4B-00C04F79EFBC}") = "SidekickCharacters.Editor", "SidekickCharacters.Editor.csproj", "{3AA3ADF1-1C55-3DA9-9703-6F55D5057CBE}"
EndProject
Project("{FAE04EC0-301F-11D3-BF4B-00C04F79EFBC}") = "UnityUIExtensions.editor", "UnityUIExtensions.editor.csproj", "{29F4DF07-3F3C-B8A3-9083-57851C10C310}"
EndProject
Project("{FAE04EC0-301F-11D3-BF4B-00C04F79EFBC}") = "SidekickCharacters", "SidekickCharacters.csproj", "{D122379A-5CAF-DFBB-024E-C877CA74C4C3}"
EndProject
Project("{FAE04EC0-301F-11D3-BF4B-00C04F79EFBC}") = "SqlCipher4Unity3D", "SqlCipher4Unity3D.csproj", "{D04D7AED-E4B9-88CB-A5AB-FA930879F9BC}"
EndProject
Global
	GlobalSection(SolutionConfigurationPlatforms) = preSolution
		Debug|Any CPU = Debug|Any CPU
		Release|Any CPU = Release|Any CPU
	EndGlobalSection
	GlobalSection(ProjectConfigurationPlatforms) = postSolution
		{9328873A-AF0B-9C33-F44D-DC3B412DCA69}.Debug|Any CPU.ActiveCfg = Debug|Any CPU
		{9328873A-AF0B-9C33-F44D-DC3B412DCA69}.Debug|Any CPU.Build.0 = Debug|Any CPU
		{9328873A-AF0B-9C33-F44D-DC3B412DCA69}.Release|Any CPU.ActiveCfg = Release|Any CPU
		{9328873A-AF0B-9C33-F44D-DC3B412DCA69}.Release|Any CPU.Build.0 = Release|Any CPU
		{C1E738FB-C959-FB66-0AE7-E79BA77CB096}.Debug|Any CPU.ActiveCfg = Debug|Any CPU
		{C1E738FB-C959-FB66-0AE7-E79BA77CB096}.Debug|Any CPU.Build.0 = Debug|Any CPU
		{C1E738FB-C959-FB66-0AE7-E79BA77CB096}.Release|Any CPU.ActiveCfg = Release|Any CPU
		{C1E738FB-C959-FB66-0AE7-E79BA77CB096}.Release|Any CPU.Build.0 = Release|Any CPU
		{3AA3ADF1-1C55-3DA9-9703-6F55D5057CBE}.Debug|Any CPU.ActiveCfg = Debug|Any CPU
		{3AA3ADF1-1C55-3DA9-9703-6F55D5057CBE}.Debug|Any CPU.Build.0 = Debug|Any CPU
		{3AA3ADF1-1C55-3DA9-9703-6F55D5057CBE}.Release|Any CPU.ActiveCfg = Release|Any CPU
		{3AA3ADF1-1C55-3DA9-9703-6F55D5057CBE}.Release|Any CPU.Build.0 = Release|Any CPU
		{29F4DF07-3F3C-B8A3-9083-57851C10C310}.Debug|Any CPU.ActiveCfg = Debug|Any CPU
		{29F4DF07-3F3C-B8A3-9083-57851C10C310}.Debug|Any CPU.Build.0 = Debug|Any CPU
		{29F4DF07-3F3C-B8A3-9083-57851C10C310}.Release|Any CPU.ActiveCfg = Release|Any CPU
		{29F4DF07-3F3C-B8A3-9083-57851C10C310}.Release|Any CPU.Build.0 = Release|Any CPU
		{D122379A-5CAF-DFBB-024E-C877CA74C4C3}.Debug|Any CPU.ActiveCfg = Debug|Any CPU
		{D122379A-5CAF-DFBB-024E-C877CA74C4C3}.Debug|Any CPU.Build.0 = Debug|Any CPU
		{D122379A-5CAF-DFBB-024E-C877CA74C4C3}.Release|Any CPU.ActiveCfg = Release|Any CPU
		{D122379A-5CAF-DFBB-024E-C877CA74C4C3}.Release|Any CPU.Build.0 = Release|Any CPU
		{D04D7AED-E4B9-88CB-A5AB-FA930879F9BC}.Debug|Any CPU.ActiveCfg = Debug|Any CPU
		{D04D7AED-E4B9-88CB-A5AB-FA930879F9BC}.Debug|Any CPU.Build.0 = Debug|Any CPU
		{D04D7AED-E4B9-88CB-A5AB-FA930879F9BC}.Release|Any CPU.ActiveCfg = Release|Any CPU
		{D04D7AED-E4B9-88CB-A5AB-FA930879F9BC}.Release|Any CPU.Build.0 = Release|Any CPU
	EndGlobalSection
	GlobalSection(SolutionProperties) = preSolution
		HideSolutionNode = FALSE
	EndGlobalSection
EndGlobal
